
Microsoft Visual Studio Solution File, Format Version 12.00
# Visual Studio 15
VisualStudioVersion = 15.0.26730.10
MinimumVisualStudioVersion = 10.0.40219.1

Project("{6EC3EE1D-3C4E-46DD-8F32-0CC8E7565705}") = "Windy01", "Windy01\Windy01.fsproj", "{B86AA076-C2A8-4B6D-A4FB-0945A547A168}"
EndProject

Project("{F2A71F9B-5D33-465A-A702-920D77279786}") = "Windy01.Android", "Windy01.Android\Windy01.Android.fsproj", "{2FF39CD5-62FF-4FC3-A7D2-1382AF3C2A22}"
EndProject






Global
	GlobalSection(SolutionConfigurationPlatforms) = preSolution
		Ad-Hoc|Any CPU = Ad-Hoc|Any CPU
		Ad-Hoc|ARM = Ad-Hoc|ARM
		Ad-Hoc|iPhone = Ad-Hoc|iPhone
		Ad-Hoc|iPhoneSimulator = Ad-Hoc|iPhoneSimulator
		Ad-Hoc|x64 = Ad-Hoc|x64
		Ad-Hoc|x86 = Ad-Hoc|x86
		AppStore|Any CPU = AppStore|Any CPU
		AppStore|ARM = AppStore|ARM
		AppStore|iPhone = AppStore|iPhone
		AppStore|iPhoneSimulator = AppStore|iPhoneSimulator
		AppStore|x64 = AppStore|x64
		AppStore|x86 = AppStore|x86
		Debug|Any CPU = Debug|Any CPU
		Debug|ARM = Debug|ARM
		Debug|iPhone = Debug|iPhone
		Debug|iPhoneSimulator = Debug|iPhoneSimulator
		Debug|x64 = Debug|x64
		Debug|x86 = Debug|x86
		Release|Any CPU = Release|Any CPU
		Release|ARM = Release|ARM
		Release|iPhone = Release|iPhone
		Release|iPhoneSimulator = Release|iPhoneSimulator
		Release|x64 = Release|x64
		Release|x86 = Release|x86
	EndGlobalSection
	GlobalSection(ProjectConfigurationPlatforms) = postSolution
		{B86AA076-C2A8-4B6D-A4FB-0945A547A168}.Ad-Hoc|Any CPU.ActiveCfg = Debug|Any CPU
		{B86AA076-C2A8-4B6D-A4FB-0945A547A168}.Ad-Hoc|Any CPU.Build.0 = Debug|Any CPU
		{B86AA076-C2A8-4B6D-A4FB-0945A547A168}.Ad-Hoc|ARM.ActiveCfg = Debug|Any CPU
		{B86AA076-C2A8-4B6D-A4FB-0945A547A168}.Ad-Hoc|ARM.Build.0 = Debug|Any CPU
		{B86AA076-C2A8-4B6D-A4FB-0945A547A168}.Ad-Hoc|iPhone.ActiveCfg = Debug|Any CPU
		{B86AA076-C2A8-4B6D-A4FB-0945A547A168}.Ad-Hoc|iPhone.Build.0 = Debug|Any CPU
		{B86AA076-C2A8-4B6D-A4FB-0945A547A168}.Ad-Hoc|iPhoneSimulator.ActiveCfg = Debug|Any CPU
		{B86AA076-C2A8-4B6D-A4FB-0945A547A168}.Ad-Hoc|iPhoneSimulator.Build.0 = Debug|Any CPU
		{B86AA076-C2A8-4B6D-A4FB-0945A547A168}.Ad-Hoc|x64.ActiveCfg = Debug|Any CPU
		{B86AA076-C2A8-4B6D-A4FB-0945A547A168}.Ad-Hoc|x64.Build.0 = Debug|Any CPU
		{B86AA076-C2A8-4B6D-A4FB-0945A547A168}.Ad-Hoc|x86.ActiveCfg = Debug|Any CPU
		{B86AA076-C2A8-4B6D-A4FB-0945A547A168}.Ad-Hoc|x86.Build.0 = Debug|Any CPU
		{B86AA076-C2A8-4B6D-A4FB-0945A547A168}.AppStore|Any CPU.ActiveCfg = Debug|Any CPU
		{B86AA076-C2A8-4B6D-A4FB-0945A547A168}.AppStore|Any CPU.Build.0 = Debug|Any CPU
		{B86AA076-C2A8-4B6D-A4FB-0945A547A168}.AppStore|ARM.ActiveCfg = Debug|Any CPU
		{B86AA076-C2A8-4B6D-A4FB-0945A547A168}.AppStore|ARM.Build.0 = Debug|Any CPU
		{B86AA076-C2A8-4B6D-A4FB-0945A547A168}.AppStore|iPhone.ActiveCfg = Debug|Any CPU
		{B86AA076-C2A8-4B6D-A4FB-0945A547A168}.AppStore|iPhone.Build.0 = Debug|Any CPU
		{B86AA076-C2A8-4B6D-A4FB-0945A547A168}.AppStore|iPhoneSimulator.ActiveCfg = Debug|Any CPU
		{B86AA076-C2A8-4B6D-A4FB-0945A547A168}.AppStore|iPhoneSimulator.Build.0 = Debug|Any CPU
		{B86AA076-C2A8-4B6D-A4FB-0945A547A168}.AppStore|x64.ActiveCfg = Debug|Any CPU
		{B86AA076-C2A8-4B6D-A4FB-0945A547A168}.AppStore|x64.Build.0 = Debug|Any CPU
		{B86AA076-C2A8-4B6D-A4FB-0945A547A168}.AppStore|x86.ActiveCfg = Debug|Any CPU
		{B86AA076-C2A8-4B6D-A4FB-0945A547A168}.AppStore|x86.Build.0 = Debug|Any CPU
		{B86AA076-C2A8-4B6D-A4FB-0945A547A168}.Debug|Any CPU.ActiveCfg = Debug|Any CPU
		{B86AA076-C2A8-4B6D-A4FB-0945A547A168}.Debug|Any CPU.Build.0 = Debug|Any CPU
		{B86AA076-C2A8-4B6D-A4FB-0945A547A168}.Debug|ARM.ActiveCfg = Debug|Any CPU
		{B86AA076-C2A8-4B6D-A4FB-0945A547A168}.Debug|ARM.Build.0 = Debug|Any CPU
		{B86AA076-C2A8-4B6D-A4FB-0945A547A168}.Debug|iPhone.ActiveCfg = Debug|Any CPU
		{B86AA076-C2A8-4B6D-A4FB-0945A547A168}.Debug|iPhone.Build.0 = Debug|Any CPU
		{B86AA076-C2A8-4B6D-A4FB-0945A547A168}.Debug|iPhoneSimulator.ActiveCfg = Debug|Any CPU
		{B86AA076-C2A8-4B6D-A4FB-0945A547A168}.Debug|iPhoneSimulator.Build.0 = Debug|Any CPU
		{B86AA076-C2A8-4B6D-A4FB-0945A547A168}.Debug|x64.ActiveCfg = Debug|Any CPU
		{B86AA076-C2A8-4B6D-A4FB-0945A547A168}.Debug|x64.Build.0 = Debug|Any CPU
		{B86AA076-C2A8-4B6D-A4FB-0945A547A168}.Debug|x86.ActiveCfg = Debug|Any CPU
		{B86AA076-C2A8-4B6D-A4FB-0945A547A168}.Debug|x86.Build.0 = Debug|Any CPU
		{B86AA076-C2A8-4B6D-A4FB-0945A547A168}.Release|Any CPU.ActiveCfg = Release|Any CPU
		{B86AA076-C2A8-4B6D-A4FB-0945A547A168}.Release|Any CPU.Build.0 = Release|Any CPU
		{B86AA076-C2A8-4B6D-A4FB-0945A547A168}.Release|ARM.ActiveCfg = Release|Any CPU
		{B86AA076-C2A8-4B6D-A4FB-0945A547A168}.Release|ARM.Build.0 = Release|Any CPU
		{B86AA076-C2A8-4B6D-A4FB-0945A547A168}.Release|iPhone.ActiveCfg = Release|Any CPU
		{B86AA076-C2A8-4B6D-A4FB-0945A547A168}.Release|iPhone.Build.0 = Release|Any CPU
		{B86AA076-C2A8-4B6D-A4FB-0945A547A168}.Release|iPhoneSimulator.ActiveCfg = Release|Any CPU
		{B86AA076-C2A8-4B6D-A4FB-0945A547A168}.Release|iPhoneSimulator.Build.0 = Release|Any CPU
		{B86AA076-C2A8-4B6D-A4FB-0945A547A168}.Release|x64.ActiveCfg = Release|Any CPU
		{B86AA076-C2A8-4B6D-A4FB-0945A547A168}.Release|x64.Build.0 = Release|Any CPU
		{B86AA076-C2A8-4B6D-A4FB-0945A547A168}.Release|x86.ActiveCfg = Release|Any CPU
		{B86AA076-C2A8-4B6D-A4FB-0945A547A168}.Release|x86.Build.0 = Release|Any CPU
		{6AC2CB1F-1FA7-4785-81DE-92DDFA792B6A}.Ad-Hoc|Any CPU.ActiveCfg = Ad-Hoc|iPhone
		{6AC2CB1F-1FA7-4785-81DE-92DDFA792B6A}.Ad-Hoc|ARM.ActiveCfg = Ad-Hoc|iPhone
		{6AC2CB1F-1FA7-4785-81DE-92DDFA792B6A}.Ad-Hoc|iPhone.ActiveCfg = Ad-Hoc|iPhone
		{6AC2CB1F-1FA7-4785-81DE-92DDFA792B6A}.Ad-Hoc|iPhone.Build.0 = Ad-Hoc|iPhone
		{6AC2CB1F-1FA7-4785-81DE-92DDFA792B6A}.Ad-Hoc|iPhoneSimulator.ActiveCfg = Ad-Hoc|iPhoneSimulator
		{6AC2CB1F-1FA7-4785-81DE-92DDFA792B6A}.Ad-Hoc|iPhoneSimulator.Build.0 = Ad-Hoc|iPhoneSimulator
		{6AC2CB1F-1FA7-4785-81DE-92DDFA792B6A}.Ad-Hoc|x64.ActiveCfg = Ad-Hoc|iPhone
		{6AC2CB1F-1FA7-4785-81DE-92DDFA792B6A}.Ad-Hoc|x86.ActiveCfg = Ad-Hoc|iPhone
		{6AC2CB1F-1FA7-4785-81DE-92DDFA792B6A}.AppStore|Any CPU.ActiveCfg = AppStore|iPhone
		{6AC2CB1F-1FA7-4785-81DE-92DDFA792B6A}.AppStore|ARM.ActiveCfg = AppStore|iPhone
		{6AC2CB1F-1FA7-4785-81DE-92DDFA792B6A}.AppStore|iPhone.ActiveCfg = AppStore|iPhone
		{6AC2CB1F-1FA7-4785-81DE-92DDFA792B6A}.AppStore|iPhone.Build.0 = AppStore|iPhone
		{6AC2CB1F-1FA7-4785-81DE-92DDFA792B6A}.AppStore|iPhoneSimulator.ActiveCfg = AppStore|iPhoneSimulator
		{6AC2CB1F-1FA7-4785-81DE-92DDFA792B6A}.AppStore|iPhoneSimulator.Build.0 = AppStore|iPhoneSimulator
		{6AC2CB1F-1FA7-4785-81DE-92DDFA792B6A}.AppStore|x64.ActiveCfg = AppStore|iPhone
		{6AC2CB1F-1FA7-4785-81DE-92DDFA792B6A}.AppStore|x86.ActiveCfg = AppStore|iPhone
		{6AC2CB1F-1FA7-4785-81DE-92DDFA792B6A}.Debug|Any CPU.ActiveCfg = Debug|iPhone
		{6AC2CB1F-1FA7-4785-81DE-92DDFA792B6A}.Debug|ARM.ActiveCfg = Debug|iPhone
		{6AC2CB1F-1FA7-4785-81DE-92DDFA792B6A}.Debug|iPhone.ActiveCfg = Debug|iPhone
		{6AC2CB1F-1FA7-4785-81DE-92DDFA792B6A}.Debug|iPhone.Build.0 = Debug|iPhone
		{6AC2CB1F-1FA7-4785-81DE-92DDFA792B6A}.Debug|iPhoneSimulator.ActiveCfg = Debug|iPhoneSimulator
		{6AC2CB1F-1FA7-4785-81DE-92DDFA792B6A}.Debug|iPhoneSimulator.Build.0 = Debug|iPhoneSimulator
		{6AC2CB1F-1FA7-4785-81DE-92DDFA792B6A}.Debug|x64.ActiveCfg = Debug|iPhone
		{6AC2CB1F-1FA7-4785-81DE-92DDFA792B6A}.Debug|x86.ActiveCfg = Debug|iPhone
		{6AC2CB1F-1FA7-4785-81DE-92DDFA792B6A}.Release|Any CPU.ActiveCfg = Release|iPhone
		{6AC2CB1F-1FA7-4785-81DE-92DDFA792B6A}.Release|ARM.ActiveCfg = Release|iPhone
		{6AC2CB1F-1FA7-4785-81DE-92DDFA792B6A}.Release|iPhone.ActiveCfg = Release|iPhone
		{6AC2CB1F-1FA7-4785-81DE-92DDFA792B6A}.Release|iPhone.Build.0 = Release|iPhone
		{6AC2CB1F-1FA7-4785-81DE-92DDFA792B6A}.Release|iPhoneSimulator.ActiveCfg = Release|iPhoneSimulator
		{6AC2CB1F-1FA7-4785-81DE-92DDFA792B6A}.Release|iPhoneSimulator.Build.0 = Release|iPhoneSimulator
		{6AC2CB1F-1FA7-4785-81DE-92DDFA792B6A}.Release|x64.ActiveCfg = Release|iPhone
		{6AC2CB1F-1FA7-4785-81DE-92DDFA792B6A}.Release|x86.ActiveCfg = Release|iPhone
		{B0D97310-2D87-491A-A8B7-689FE5BF5B6A}.Ad-Hoc|Any CPU.ActiveCfg = Release|x86
		{B0D97310-2D87-491A-A8B7-689FE5BF5B6A}.Ad-Hoc|Any CPU.Build.0 = Release|x86
		{B0D97310-2D87-491A-A8B7-689FE5BF5B6A}.Ad-Hoc|Any CPU.Deploy.0 = Release|x86
		{B0D97310-2D87-491A-A8B7-689FE5BF5B6A}.Ad-Hoc|ARM.ActiveCfg = Release|ARM
		{B0D97310-2D87-491A-A8B7-689FE5BF5B6A}.Ad-Hoc|ARM.Build.0 = Release|ARM
		{B0D97310-2D87-491A-A8B7-689FE5BF5B6A}.Ad-Hoc|ARM.Deploy.0 = Release|ARM
		{B0D97310-2D87-491A-A8B7-689FE5BF5B6A}.Ad-Hoc|iPhone.ActiveCfg = Release|x86
		{B0D97310-2D87-491A-A8B7-689FE5BF5B6A}.Ad-Hoc|iPhone.Build.0 = Release|x86
		{B0D97310-2D87-491A-A8B7-689FE5BF5B6A}.Ad-Hoc|iPhone.Deploy.0 = Release|x86
		{B0D97310-2D87-491A-A8B7-689FE5BF5B6A}.Ad-Hoc|iPhoneSimulator.ActiveCfg = Release|x86
		{B0D97310-2D87-491A-A8B7-689FE5BF5B6A}.Ad-Hoc|iPhoneSimulator.Build.0 = Release|x86
		{B0D97310-2D87-491A-A8B7-689FE5BF5B6A}.Ad-Hoc|iPhoneSimulator.Deploy.0 = Release|x86
		{B0D97310-2D87-491A-A8B7-689FE5BF5B6A}.Ad-Hoc|x64.ActiveCfg = Release|x64
		{B0D97310-2D87-491A-A8B7-689FE5BF5B6A}.Ad-Hoc|x64.Build.0 = Release|x64
		{B0D97310-2D87-491A-A8B7-689FE5BF5B6A}.Ad-Hoc|x64.Deploy.0 = Release|x64
		{B0D97310-2D87-491A-A8B7-689FE5BF5B6A}.Ad-Hoc|x86.ActiveCfg = Release|x86
		{B0D97310-2D87-491A-A8B7-689FE5BF5B6A}.Ad-Hoc|x86.Build.0 = Release|x86
		{B0D97310-2D87-491A-A8B7-689FE5BF5B6A}.Ad-Hoc|x86.Deploy.0 = Release|x86
		{B0D97310-2D87-491A-A8B7-689FE5BF5B6A}.AppStore|Any CPU.ActiveCfg = Release|x86
		{B0D97310-2D87-491A-A8B7-689FE5BF5B6A}.AppStore|Any CPU.Build.0 = Release|x86
		{B0D97310-2D87-491A-A8B7-689FE5BF5B6A}.AppStore|Any CPU.Deploy.0 = Release|x86
		{B0D97310-2D87-491A-A8B7-689FE5BF5B6A}.AppStore|ARM.ActiveCfg = Release|ARM
		{B0D97310-2D87-491A-A8B7-689FE5BF5B6A}.AppStore|ARM.Build.0 = Release|ARM
		{B0D97310-2D87-491A-A8B7-689FE5BF5B6A}.AppStore|ARM.Deploy.0 = Release|ARM
		{B0D97310-2D87-491A-A8B7-689FE5BF5B6A}.AppStore|iPhone.ActiveCfg = Release|x86
		{B0D97310-2D87-491A-A8B7-689FE5BF5B6A}.AppStore|iPhone.Build.0 = Release|x86
		{B0D97310-2D87-491A-A8B7-689FE5BF5B6A}.AppStore|iPhone.Deploy.0 = Release|x86
		{B0D97310-2D87-491A-A8B7-689FE5BF5B6A}.AppStore|iPhoneSimulator.ActiveCfg = Release|x86
		{B0D97310-2D87-491A-A8B7-689FE5BF5B6A}.AppStore|iPhoneSimulator.Build.0 = Release|x86
		{B0D97310-2D87-491A-A8B7-689FE5BF5B6A}.AppStore|iPhoneSimulator.Deploy.0 = Release|x86
		{B0D97310-2D87-491A-A8B7-689FE5BF5B6A}.AppStore|x64.ActiveCfg = Release|x64
		{B0D97310-2D87-491A-A8B7-689FE5BF5B6A}.AppStore|x64.Build.0 = Release|x64
		{B0D97310-2D87-491A-A8B7-689FE5BF5B6A}.AppStore|x64.Deploy.0 = Release|x64
		{B0D97310-2D87-491A-A8B7-689FE5BF5B6A}.AppStore|x86.ActiveCfg = Release|x86
		{B0D97310-2D87-491A-A8B7-689FE5BF5B6A}.AppStore|x86.Build.0 = Release|x86
		{B0D97310-2D87-491A-A8B7-689FE5BF5B6A}.AppStore|x86.Deploy.0 = Release|x86
		{B0D97310-2D87-491A-A8B7-689FE5BF5B6A}.Debug|Any CPU.ActiveCfg = Debug|x86
		{B0D97310-2D87-491A-A8B7-689FE5BF5B6A}.Debug|ARM.ActiveCfg = Debug|ARM
		{B0D97310-2D87-491A-A8B7-689FE5BF5B6A}.Debug|ARM.Build.0 = Debug|ARM
		{B0D97310-2D87-491A-A8B7-689FE5BF5B6A}.Debug|ARM.Deploy.0 = Debug|ARM
		{B0D97310-2D87-491A-A8B7-689FE5BF5B6A}.Debug|iPhone.ActiveCfg = Debug|x86
		{B0D97310-2D87-491A-A8B7-689FE5BF5B6A}.Debug|iPhoneSimulator.ActiveCfg = Debug|x86
		{B0D97310-2D87-491A-A8B7-689FE5BF5B6A}.Debug|x64.ActiveCfg = Debug|x64
		{B0D97310-2D87-491A-A8B7-689FE5BF5B6A}.Debug|x64.Build.0 = Debug|x64
		{B0D97310-2D87-491A-A8B7-689FE5BF5B6A}.Debug|x64.Deploy.0 = Debug|x64
		{B0D97310-2D87-491A-A8B7-689FE5BF5B6A}.Debug|x86.ActiveCfg = Debug|x86
		{B0D97310-2D87-491A-A8B7-689FE5BF5B6A}.Debug|x86.Build.0 = Debug|x86
		{B0D97310-2D87-491A-A8B7-689FE5BF5B6A}.Debug|x86.Deploy.0 = Debug|x86
		{B0D97310-2D87-491A-A8B7-689FE5BF5B6A}.Release|Any CPU.ActiveCfg = Release|x86
		{B0D97310-2D87-491A-A8B7-689FE5BF5B6A}.Release|ARM.ActiveCfg = Release|ARM
		{B0D97310-2D87-491A-A8B7-689FE5BF5B6A}.Release|ARM.Build.0 = Release|ARM
		{B0D97310-2D87-491A-A8B7-689FE5BF5B6A}.Release|ARM.Deploy.0 = Release|ARM
		{B0D97310-2D87-491A-A8B7-689FE5BF5B6A}.Release|iPhone.ActiveCfg = Release|x86
		{B0D97310-2D87-491A-A8B7-689FE5BF5B6A}.Release|iPhoneSimulator.ActiveCfg = Release|x86
		{B0D97310-2D87-491A-A8B7-689FE5BF5B6A}.Release|x64.ActiveCfg = Release|x64
		{B0D97310-2D87-491A-A8B7-689FE5BF5B6A}.Release|x64.Build.0 = Release|x64
		{B0D97310-2D87-491A-A8B7-689FE5BF5B6A}.Release|x64.Deploy.0 = Release|x64
		{B0D97310-2D87-491A-A8B7-689FE5BF5B6A}.Release|x86.ActiveCfg = Release|x86
		{B0D97310-2D87-491A-A8B7-689FE5BF5B6A}.Release|x86.Build.0 = Release|x86
		{B0D97310-2D87-491A-A8B7-689FE5BF5B6A}.Release|x86.Deploy.0 = Release|x86
		{F30664FF-31BD-43A5-939C-2DB38E496430}.Ad-Hoc|Any CPU.ActiveCfg = Release|Any CPU
		{F30664FF-31BD-43A5-939C-2DB38E496430}.Ad-Hoc|Any CPU.Build.0 = Release|Any CPU
		{F30664FF-31BD-43A5-939C-2DB38E496430}.Ad-Hoc|ARM.ActiveCfg = Release|Any CPU
		{F30664FF-31BD-43A5-939C-2DB38E496430}.Ad-Hoc|ARM.Build.0 = Release|Any CPU
		{F30664FF-31BD-43A5-939C-2DB38E496430}.Ad-Hoc|iPhone.ActiveCfg = Release|Any CPU
		{F30664FF-31BD-43A5-939C-2DB38E496430}.Ad-Hoc|iPhone.Build.0 = Release|Any CPU
		{F30664FF-31BD-43A5-939C-2DB38E496430}.Ad-Hoc|iPhoneSimulator.ActiveCfg = Release|Any CPU
		{F30664FF-31BD-43A5-939C-2DB38E496430}.Ad-Hoc|iPhoneSimulator.Build.0 = Release|Any CPU
		{F30664FF-31BD-43A5-939C-2DB38E496430}.Ad-Hoc|x64.ActiveCfg = Release|Any CPU
		{F30664FF-31BD-43A5-939C-2DB38E496430}.Ad-Hoc|x64.Build.0 = Release|Any CPU
		{F30664FF-31BD-43A5-939C-2DB38E496430}.Ad-Hoc|x86.ActiveCfg = Release|Any CPU
		{F30664FF-31BD-43A5-939C-2DB38E496430}.Ad-Hoc|x86.Build.0 = Release|Any CPU
		{F30664FF-31BD-43A5-939C-2DB38E496430}.AppStore|Any CPU.ActiveCfg = Release|Any CPU
		{F30664FF-31BD-43A5-939C-2DB38E496430}.AppStore|Any CPU.Build.0 = Release|Any CPU
		{F30664FF-31BD-43A5-939C-2DB38E496430}.AppStore|ARM.ActiveCfg = Release|Any CPU
		{F30664FF-31BD-43A5-939C-2DB38E496430}.AppStore|ARM.Build.0 = Release|Any CPU
		{F30664FF-31BD-43A5-939C-2DB38E496430}.AppStore|iPhone.ActiveCfg = Release|Any CPU
		{F30664FF-31BD-43A5-939C-2DB38E496430}.AppStore|iPhone.Build.0 = Release|Any CPU
		{F30664FF-31BD-43A5-939C-2DB38E496430}.AppStore|iPhoneSimulator.ActiveCfg = Release|Any CPU
		{F30664FF-31BD-43A5-939C-2DB38E496430}.AppStore|iPhoneSimulator.Build.0 = Release|Any CPU
		{F30664FF-31BD-43A5-939C-2DB38E496430}.AppStore|x64.ActiveCfg = Release|Any CPU
		{F30664FF-31BD-43A5-939C-2DB38E496430}.AppStore|x64.Build.0 = Release|Any CPU
		{F30664FF-31BD-43A5-939C-2DB38E496430}.AppStore|x86.ActiveCfg = Release|Any CPU
		{F30664FF-31BD-43A5-939C-2DB38E496430}.AppStore|x86.Build.0 = Release|Any CPU
		{F30664FF-31BD-43A5-939C-2DB38E496430}.Debug|Any CPU.ActiveCfg = Debug|Any CPU
		{F30664FF-31BD-43A5-939C-2DB38E496430}.Debug|Any CPU.Build.0 = Debug|Any CPU
		{F30664FF-31BD-43A5-939C-2DB38E496430}.Debug|ARM.ActiveCfg = Debug|Any CPU
		{F30664FF-31BD-43A5-939C-2DB38E496430}.Debug|ARM.Build.0 = Debug|Any CPU
		{F30664FF-31BD-43A5-939C-2DB38E496430}.Debug|iPhone.ActiveCfg = Debug|Any CPU
		{F30664FF-31BD-43A5-939C-2DB38E496430}.Debug|iPhone.Build.0 = Debug|Any CPU
		{F30664FF-31BD-43A5-939C-2DB38E496430}.Debug|iPhoneSimulator.ActiveCfg = Debug|Any CPU
		{F30664FF-31BD-43A5-939C-2DB38E496430}.Debug|iPhoneSimulator.Build.0 = Debug|Any CPU
		{F30664FF-31BD-43A5-939C-2DB38E496430}.Debug|x64.ActiveCfg = Debug|Any CPU
		{F30664FF-31BD-43A5-939C-2DB38E496430}.Debug|x64.Build.0 = Debug|Any CPU
		{F30664FF-31BD-43A5-939C-2DB38E496430}.Debug|x86.ActiveCfg = Debug|Any CPU
		{F30664FF-31BD-43A5-939C-2DB38E496430}.Debug|x86.Build.0 = Debug|Any CPU
		{F30664FF-31BD-43A5-939C-2DB38E496430}.Release|Any CPU.ActiveCfg = Release|Any CPU
		{F30664FF-31BD-43A5-939C-2DB38E496430}.Release|Any CPU.Build.0 = Release|Any CPU
		{F30664FF-31BD-43A5-939C-2DB38E496430}.Release|ARM.ActiveCfg = Release|Any CPU
		{F30664FF-31BD-43A5-939C-2DB38E496430}.Release|ARM.Build.0 = Release|Any CPU
		{F30664FF-31BD-43A5-939C-2DB38E496430}.Release|iPhone.ActiveCfg = Release|Any CPU
		{F30664FF-31BD-43A5-939C-2DB38E496430}.Release|iPhone.Build.0 = Release|Any CPU
		{F30664FF-31BD-43A5-939C-2DB38E496430}.Release|iPhoneSimulator.ActiveCfg = Release|Any CPU
		{F30664FF-31BD-43A5-939C-2DB38E496430}.Release|iPhoneSimulator.Build.0 = Release|Any CPU
		{F30664FF-31BD-43A5-939C-2DB38E496430}.Release|x64.ActiveCfg = Release|Any CPU
		{F30664FF-31BD-43A5-939C-2DB38E496430}.Release|x64.Build.0 = Release|Any CPU
		{F30664FF-31BD-43A5-939C-2DB38E496430}.Release|x86.ActiveCfg = Release|Any CPU
		{F30664FF-31BD-43A5-939C-2DB38E496430}.Release|x86.Build.0 = Release|Any CPU
		{507C28B6-759C-4593-A68C-EB9CF7CC8549}.Ad-Hoc|Any CPU.ActiveCfg = Release|Any CPU
		{507C28B6-759C-4593-A68C-EB9CF7CC8549}.Ad-Hoc|Any CPU.Build.0 = Release|Any CPU
		{507C28B6-759C-4593-A68C-EB9CF7CC8549}.Ad-Hoc|ARM.ActiveCfg = Release|Any CPU
		{507C28B6-759C-4593-A68C-EB9CF7CC8549}.Ad-Hoc|ARM.Build.0 = Release|Any CPU
		{507C28B6-759C-4593-A68C-EB9CF7CC8549}.Ad-Hoc|iPhone.ActiveCfg = Release|Any CPU
		{507C28B6-759C-4593-A68C-EB9CF7CC8549}.Ad-Hoc|iPhone.Build.0 = Release|Any CPU
		{507C28B6-759C-4593-A68C-EB9CF7CC8549}.Ad-Hoc|iPhoneSimulator.ActiveCfg = Release|Any CPU
		{507C28B6-759C-4593-A68C-EB9CF7CC8549}.Ad-Hoc|iPhoneSimulator.Build.0 = Release|Any CPU
		{507C28B6-759C-4593-A68C-EB9CF7CC8549}.Ad-Hoc|x64.ActiveCfg = Release|Any CPU
		{507C28B6-759C-4593-A68C-EB9CF7CC8549}.Ad-Hoc|x64.Build.0 = Release|Any CPU
		{507C28B6-759C-4593-A68C-EB9CF7CC8549}.Ad-Hoc|x86.ActiveCfg = Release|Any CPU
		{507C28B6-759C-4593-A68C-EB9CF7CC8549}.Ad-Hoc|x86.Build.0 = Release|Any CPU
		{507C28B6-759C-4593-A68C-EB9CF7CC8549}.AppStore|Any CPU.ActiveCfg = Release|Any CPU
		{507C28B6-759C-4593-A68C-EB9CF7CC8549}.AppStore|Any CPU.Build.0 = Release|Any CPU
		{507C28B6-759C-4593-A68C-EB9CF7CC8549}.AppStore|ARM.ActiveCfg = Release|Any CPU
		{507C28B6-759C-4593-A68C-EB9CF7CC8549}.AppStore|ARM.Build.0 = Release|Any CPU
		{507C28B6-759C-4593-A68C-EB9CF7CC8549}.AppStore|iPhone.ActiveCfg = Release|Any CPU
		{507C28B6-759C-4593-A68C-EB9CF7CC8549}.AppStore|iPhone.Build.0 = Release|Any CPU
		{507C28B6-759C-4593-A68C-EB9CF7CC8549}.AppStore|iPhoneSimulator.ActiveCfg = Release|Any CPU
		{507C28B6-759C-4593-A68C-EB9CF7CC8549}.AppStore|iPhoneSimulator.Build.0 = Release|Any CPU
		{507C28B6-759C-4593-A68C-EB9CF7CC8549}.AppStore|x64.ActiveCfg = Release|Any CPU
		{507C28B6-759C-4593-A68C-EB9CF7CC8549}.AppStore|x64.Build.0 = Release|Any CPU
		{507C28B6-759C-4593-A68C-EB9CF7CC8549}.AppStore|x86.ActiveCfg = Release|Any CPU
		{507C28B6-759C-4593-A68C-EB9CF7CC8549}.AppStore|x86.Build.0 = Release|Any CPU
		{507C28B6-759C-4593-A68C-EB9CF7CC8549}.Debug|Any CPU.ActiveCfg = Debug|Any CPU
		{507C28B6-759C-4593-A68C-EB9CF7CC8549}.Debug|Any CPU.Build.0 = Debug|Any CPU
		{507C28B6-759C-4593-A68C-EB9CF7CC8549}.Debug|ARM.ActiveCfg = Debug|Any CPU
		{507C28B6-759C-4593-A68C-EB9CF7CC8549}.Debug|ARM.Build.0 = Debug|Any CPU
		{507C28B6-759C-4593-A68C-EB9CF7CC8549}.Debug|iPhone.ActiveCfg = Debug|Any CPU
		{507C28B6-759C-4593-A68C-EB9CF7CC8549}.Debug|iPhone.Build.0 = Debug|Any CPU
		{507C28B6-759C-4593-A68C-EB9CF7CC8549}.Debug|iPhoneSimulator.ActiveCfg = Debug|Any CPU
		{507C28B6-759C-4593-A68C-EB9CF7CC8549}.Debug|iPhoneSimulator.Build.0 = Debug|Any CPU
		{507C28B6-759C-4593-A68C-EB9CF7CC8549}.Debug|x64.ActiveCfg = Debug|Any CPU
		{507C28B6-759C-4593-A68C-EB9CF7CC8549}.Debug|x64.Build.0 = Debug|Any CPU
		{507C28B6-759C-4593-A68C-EB9CF7CC8549}.Debug|x86.ActiveCfg = Debug|Any CPU
		{507C28B6-759C-4593-A68C-EB9CF7CC8549}.Debug|x86.Build.0 = Debug|Any CPU
		{507C28B6-759C-4593-A68C-EB9CF7CC8549}.Release|Any CPU.ActiveCfg = Release|Any CPU
		{507C28B6-759C-4593-A68C-EB9CF7CC8549}.Release|Any CPU.Build.0 = Release|Any CPU
		{507C28B6-759C-4593-A68C-EB9CF7CC8549}.Release|ARM.ActiveCfg = Release|Any CPU
		{507C28B6-759C-4593-A68C-EB9CF7CC8549}.Release|ARM.Build.0 = Release|Any CPU
		{507C28B6-759C-4593-A68C-EB9CF7CC8549}.Release|iPhone.ActiveCfg = Release|Any CPU
		{507C28B6-759C-4593-A68C-EB9CF7CC8549}.Release|iPhone.Build.0 = Release|Any CPU
		{507C28B6-759C-4593-A68C-EB9CF7CC8549}.Release|iPhoneSimulator.ActiveCfg = Release|Any CPU
		{507C28B6-759C-4593-A68C-EB9CF7CC8549}.Release|iPhoneSimulator.Build.0 = Release|Any CPU
		{507C28B6-759C-4593-A68C-EB9CF7CC8549}.Release|x64.ActiveCfg = Release|Any CPU
		{507C28B6-759C-4593-A68C-EB9CF7CC8549}.Release|x64.Build.0 = Release|Any CPU
		{507C28B6-759C-4593-A68C-EB9CF7CC8549}.Release|x86.ActiveCfg = Release|Any CPU
		{507C28B6-759C-4593-A68C-EB9CF7CC8549}.Release|x86.Build.0 = Release|Any CPU
		{2FF39CD5-62FF-4FC3-A7D2-1382AF3C2A22}.Ad-Hoc|Any CPU.ActiveCfg = Release|Any CPU
		{2FF39CD5-62FF-4FC3-A7D2-1382AF3C2A22}.Ad-Hoc|Any CPU.Build.0 = Release|Any CPU
		{2FF39CD5-62FF-4FC3-A7D2-1382AF3C2A22}.Ad-Hoc|ARM.ActiveCfg = Release|Any CPU
		{2FF39CD5-62FF-4FC3-A7D2-1382AF3C2A22}.Ad-Hoc|ARM.Build.0 = Release|Any CPU
		{2FF39CD5-62FF-4FC3-A7D2-1382AF3C2A22}.Ad-Hoc|iPhone.ActiveCfg = Release|Any CPU
		{2FF39CD5-62FF-4FC3-A7D2-1382AF3C2A22}.Ad-Hoc|iPhone.Build.0 = Release|Any CPU
		{2FF39CD5-62FF-4FC3-A7D2-1382AF3C2A22}.Ad-Hoc|iPhoneSimulator.ActiveCfg = Release|Any CPU
		{2FF39CD5-62FF-4FC3-A7D2-1382AF3C2A22}.Ad-Hoc|iPhoneSimulator.Build.0 = Release|Any CPU
		{2FF39CD5-62FF-4FC3-A7D2-1382AF3C2A22}.Ad-Hoc|x64.ActiveCfg = Release|Any CPU
		{2FF39CD5-62FF-4FC3-A7D2-1382AF3C2A22}.Ad-Hoc|x64.Build.0 = Release|Any CPU
		{2FF39CD5-62FF-4FC3-A7D2-1382AF3C2A22}.Ad-Hoc|x86.ActiveCfg = Release|Any CPU
		{2FF39CD5-62FF-4FC3-A7D2-1382AF3C2A22}.Ad-Hoc|x86.Build.0 = Release|Any CPU
		{2FF39CD5-62FF-4FC3-A7D2-1382AF3C2A22}.AppStore|Any CPU.ActiveCfg = Release|Any CPU
		{2FF39CD5-62FF-4FC3-A7D2-1382AF3C2A22}.AppStore|Any CPU.Build.0 = Release|Any CPU
		{2FF39CD5-62FF-4FC3-A7D2-1382AF3C2A22}.AppStore|ARM.ActiveCfg = Release|Any CPU
		{2FF39CD5-62FF-4FC3-A7D2-1382AF3C2A22}.AppStore|ARM.Build.0 = Release|Any CPU
		{2FF39CD5-62FF-4FC3-A7D2-1382AF3C2A22}.AppStore|iPhone.ActiveCfg = Release|Any CPU
		{2FF39CD5-62FF-4FC3-A7D2-1382AF3C2A22}.AppStore|iPhone.Build.0 = Release|Any CPU
		{2FF39CD5-62FF-4FC3-A7D2-1382AF3C2A22}.AppStore|iPhoneSimulator.ActiveCfg = Release|Any CPU
		{2FF39CD5-62FF-4FC3-A7D2-1382AF3C2A22}.AppStore|iPhoneSimulator.Build.0 = Release|Any CPU
		{2FF39CD5-62FF-4FC3-A7D2-1382AF3C2A22}.AppStore|x64.ActiveCfg = Release|Any CPU
		{2FF39CD5-62FF-4FC3-A7D2-1382AF3C2A22}.AppStore|x64.Build.0 = Release|Any CPU
		{2FF39CD5-62FF-4FC3-A7D2-1382AF3C2A22}.AppStore|x86.ActiveCfg = Release|Any CPU
		{2FF39CD5-62FF-4FC3-A7D2-1382AF3C2A22}.AppStore|x86.Build.0 = Release|Any CPU
		{2FF39CD5-62FF-4FC3-A7D2-1382AF3C2A22}.Debug|Any CPU.ActiveCfg = Debug|Any CPU
		{2FF39CD5-62FF-4FC3-A7D2-1382AF3C2A22}.Debug|Any CPU.Build.0 = Debug|Any CPU
		{2FF39CD5-62FF-4FC3-A7D2-1382AF3C2A22}.Debug|Any CPU.Deploy.0 = Debug|Any CPU
		{2FF39CD5-62FF-4FC3-A7D2-1382AF3C2A22}.Debug|ARM.ActiveCfg = Debug|Any CPU
		{2FF39CD5-62FF-4FC3-A7D2-1382AF3C2A22}.Debug|ARM.Build.0 = Debug|Any CPU
		{2FF39CD5-62FF-4FC3-A7D2-1382AF3C2A22}.Debug|iPhone.ActiveCfg = Debug|Any CPU
		{2FF39CD5-62FF-4FC3-A7D2-1382AF3C2A22}.Debug|iPhone.Build.0 = Debug|Any CPU
		{2FF39CD5-62FF-4FC3-A7D2-1382AF3C2A22}.Debug|iPhoneSimulator.ActiveCfg = Debug|Any CPU
		{2FF39CD5-62FF-4FC3-A7D2-1382AF3C2A22}.Debug|iPhoneSimulator.Build.0 = Debug|Any CPU
		{2FF39CD5-62FF-4FC3-A7D2-1382AF3C2A22}.Debug|x64.ActiveCfg = Debug|Any CPU
		{2FF39CD5-62FF-4FC3-A7D2-1382AF3C2A22}.Debug|x64.Build.0 = Debug|Any CPU
		{2FF39CD5-62FF-4FC3-A7D2-1382AF3C2A22}.Debug|x86.ActiveCfg = Debug|Any CPU
		{2FF39CD5-62FF-4FC3-A7D2-1382AF3C2A22}.Debug|x86.Build.0 = Debug|Any CPU
		{2FF39CD5-62FF-4FC3-A7D2-1382AF3C2A22}.Release|Any CPU.ActiveCfg = Release|Any CPU
		{2FF39CD5-62FF-4FC3-A7D2-1382AF3C2A22}.Release|Any CPU.Build.0 = Release|Any CPU
		{2FF39CD5-62FF-4FC3-A7D2-1382AF3C2A22}.Release|Any CPU.Deploy.0 = Release|Any CPU
		{2FF39CD5-62FF-4FC3-A7D2-1382AF3C2A22}.Release|ARM.ActiveCfg = Release|Any CPU
		{2FF39CD5-62FF-4FC3-A7D2-1382AF3C2A22}.Release|ARM.Build.0 = Release|Any CPU
		{2FF39CD5-62FF-4FC3-A7D2-1382AF3C2A22}.Release|iPhone.ActiveCfg = Release|Any CPU
		{2FF39CD5-62FF-4FC3-A7D2-1382AF3C2A22}.Release|iPhone.Build.0 = Release|Any CPU
		{2FF39CD5-62FF-4FC3-A7D2-1382AF3C2A22}.Release|iPhoneSimulator.ActiveCfg = Release|Any CPU
		{2FF39CD5-62FF-4FC3-A7D2-1382AF3C2A22}.Release|iPhoneSimulator.Build.0 = Release|Any CPU
		{2FF39CD5-62FF-4FC3-A7D2-1382AF3C2A22}.Release|x64.ActiveCfg = Release|Any CPU
		{2FF39CD5-62FF-4FC3-A7D2-1382AF3C2A22}.Release|x64.Build.0 = Release|Any CPU
		{2FF39CD5-62FF-4FC3-A7D2-1382AF3C2A22}.Release|x86.ActiveCfg = Release|Any CPU
		{2FF39CD5-62FF-4FC3-A7D2-1382AF3C2A22}.Release|x86.Build.0 = Release|Any CPU
		{892238A9-6C84-4B25-A7EA-DBAE5CBB9ECC}.Ad-Hoc|Any CPU.ActiveCfg = Release|Any CPU
		{892238A9-6C84-4B25-A7EA-DBAE5CBB9ECC}.Ad-Hoc|Any CPU.Build.0 = Release|Any CPU
		{892238A9-6C84-4B25-A7EA-DBAE5CBB9ECC}.Ad-Hoc|ARM.ActiveCfg = Release|Any CPU
		{892238A9-6C84-4B25-A7EA-DBAE5CBB9ECC}.Ad-Hoc|ARM.Build.0 = Release|Any CPU
		{892238A9-6C84-4B25-A7EA-DBAE5CBB9ECC}.Ad-Hoc|iPhone.ActiveCfg = Release|Any CPU
		{892238A9-6C84-4B25-A7EA-DBAE5CBB9ECC}.Ad-Hoc|iPhone.Build.0 = Release|Any CPU
		{892238A9-6C84-4B25-A7EA-DBAE5CBB9ECC}.Ad-Hoc|iPhoneSimulator.ActiveCfg = Release|Any CPU
		{892238A9-6C84-4B25-A7EA-DBAE5CBB9ECC}.Ad-Hoc|iPhoneSimulator.Build.0 = Release|Any CPU
		{892238A9-6C84-4B25-A7EA-DBAE5CBB9ECC}.Ad-Hoc|x64.ActiveCfg = Release|Any CPU
		{892238A9-6C84-4B25-A7EA-DBAE5CBB9ECC}.Ad-Hoc|x64.Build.0 = Release|Any CPU
		{892238A9-6C84-4B25-A7EA-DBAE5CBB9ECC}.Ad-Hoc|x86.ActiveCfg = Release|Any CPU
		{892238A9-6C84-4B25-A7EA-DBAE5CBB9ECC}.Ad-Hoc|x86.Build.0 = Release|Any CPU
		{892238A9-6C84-4B25-A7EA-DBAE5CBB9ECC}.AppStore|Any CPU.ActiveCfg = Release|Any CPU
		{892238A9-6C84-4B25-A7EA-DBAE5CBB9ECC}.AppStore|Any CPU.Build.0 = Release|Any CPU
		{892238A9-6C84-4B25-A7EA-DBAE5CBB9ECC}.AppStore|ARM.ActiveCfg = Release|Any CPU
		{892238A9-6C84-4B25-A7EA-DBAE5CBB9ECC}.AppStore|ARM.Build.0 = Release|Any CPU
		{892238A9-6C84-4B25-A7EA-DBAE5CBB9ECC}.AppStore|iPhone.ActiveCfg = Release|Any CPU
		{892238A9-6C84-4B25-A7EA-DBAE5CBB9ECC}.AppStore|iPhone.Build.0 = Release|Any CPU
		{892238A9-6C84-4B25-A7EA-DBAE5CBB9ECC}.AppStore|iPhoneSimulator.ActiveCfg = Release|Any CPU
		{892238A9-6C84-4B25-A7EA-DBAE5CBB9ECC}.AppStore|iPhoneSimulator.Build.0 = Release|Any CPU
		{892238A9-6C84-4B25-A7EA-DBAE5CBB9ECC}.AppStore|x64.ActiveCfg = Release|Any CPU
		{892238A9-6C84-4B25-A7EA-DBAE5CBB9ECC}.AppStore|x64.Build.0 = Release|Any CPU
		{892238A9-6C84-4B25-A7EA-DBAE5CBB9ECC}.AppStore|x86.ActiveCfg = Release|Any CPU
		{892238A9-6C84-4B25-A7EA-DBAE5CBB9ECC}.AppStore|x86.Build.0 = Release|Any CPU
		{892238A9-6C84-4B25-A7EA-DBAE5CBB9ECC}.Debug|Any CPU.ActiveCfg = Debug|Any CPU
		{892238A9-6C84-4B25-A7EA-DBAE5CBB9ECC}.Debug|Any CPU.Build.0 = Debug|Any CPU
		{892238A9-6C84-4B25-A7EA-DBAE5CBB9ECC}.Debug|ARM.ActiveCfg = Debug|Any CPU
		{892238A9-6C84-4B25-A7EA-DBAE5CBB9ECC}.Debug|ARM.Build.0 = Debug|Any CPU
		{892238A9-6C84-4B25-A7EA-DBAE5CBB9ECC}.Debug|iPhone.ActiveCfg = Debug|Any CPU
		{892238A9-6C84-4B25-A7EA-DBAE5CBB9ECC}.Debug|iPhone.Build.0 = Debug|Any CPU
		{892238A9-6C84-4B25-A7EA-DBAE5CBB9ECC}.Debug|iPhoneSimulator.ActiveCfg = Debug|Any CPU
		{892238A9-6C84-4B25-A7EA-DBAE5CBB9ECC}.Debug|iPhoneSimulator.Build.0 = Debug|Any CPU
		{892238A9-6C84-4B25-A7EA-DBAE5CBB9ECC}.Debug|x64.ActiveCfg = Debug|Any CPU
		{892238A9-6C84-4B25-A7EA-DBAE5CBB9ECC}.Debug|x64.Build.0 = Debug|Any CPU
		{892238A9-6C84-4B25-A7EA-DBAE5CBB9ECC}.Debug|x86.ActiveCfg = Debug|Any CPU
		{892238A9-6C84-4B25-A7EA-DBAE5CBB9ECC}.Debug|x86.Build.0 = Debug|Any CPU
		{892238A9-6C84-4B25-A7EA-DBAE5CBB9ECC}.Release|Any CPU.ActiveCfg = Release|Any CPU
		{892238A9-6C84-4B25-A7EA-DBAE5CBB9ECC}.Release|Any CPU.Build.0 = Release|Any CPU
		{892238A9-6C84-4B25-A7EA-DBAE5CBB9ECC}.Release|ARM.ActiveCfg = Release|Any CPU
		{892238A9-6C84-4B25-A7EA-DBAE5CBB9ECC}.Release|ARM.Build.0 = Release|Any CPU
		{892238A9-6C84-4B25-A7EA-DBAE5CBB9ECC}.Release|iPhone.ActiveCfg = Release|Any CPU
		{892238A9-6C84-4B25-A7EA-DBAE5CBB9ECC}.Release|iPhone.Build.0 = Release|Any CPU
		{892238A9-6C84-4B25-A7EA-DBAE5CBB9ECC}.Release|iPhoneSimulator.ActiveCfg = Release|Any CPU
		{892238A9-6C84-4B25-A7EA-DBAE5CBB9ECC}.Release|iPhoneSimulator.Build.0 = Release|Any CPU
		{892238A9-6C84-4B25-A7EA-DBAE5CBB9ECC}.Release|x64.ActiveCfg = Release|Any CPU
		{892238A9-6C84-4B25-A7EA-DBAE5CBB9ECC}.Release|x64.Build.0 = Release|Any CPU
		{892238A9-6C84-4B25-A7EA-DBAE5CBB9ECC}.Release|x86.ActiveCfg = Release|Any CPU
		{892238A9-6C84-4B25-A7EA-DBAE5CBB9ECC}.Release|x86.Build.0 = Release|Any CPU
		{510C2AC1-BDBF-4DA6-B136-B57D30E81C77}.Ad-Hoc|Any CPU.ActiveCfg = Release|x64
		{510C2AC1-BDBF-4DA6-B136-B57D30E81C77}.Ad-Hoc|Any CPU.Build.0 = Release|x64
		{510C2AC1-BDBF-4DA6-B136-B57D30E81C77}.Ad-Hoc|Any CPU.Deploy.0 = Release|x64
		{510C2AC1-BDBF-4DA6-B136-B57D30E81C77}.Ad-Hoc|ARM.ActiveCfg = Release|ARM
		{510C2AC1-BDBF-4DA6-B136-B57D30E81C77}.Ad-Hoc|ARM.Build.0 = Release|ARM
		{510C2AC1-BDBF-4DA6-B136-B57D30E81C77}.Ad-Hoc|ARM.Deploy.0 = Release|ARM
		{510C2AC1-BDBF-4DA6-B136-B57D30E81C77}.Ad-Hoc|ARM64.ActiveCfg = Release|ARM64
		{510C2AC1-BDBF-4DA6-B136-B57D30E81C77}.Ad-Hoc|ARM64.Build.0 = Release|ARM64
		{510C2AC1-BDBF-4DA6-B136-B57D30E81C77}.Ad-Hoc|ARM64.Deploy.0 = Release|ARM64
		{510C2AC1-BDBF-4DA6-B136-B57D30E81C77}.Ad-Hoc|iPhone.ActiveCfg = Release|x64
		{510C2AC1-BDBF-4DA6-B136-B57D30E81C77}.Ad-Hoc|iPhone.Build.0 = Release|x64
		{510C2AC1-BDBF-4DA6-B136-B57D30E81C77}.Ad-Hoc|iPhone.Deploy.0 = Release|x64
		{510C2AC1-BDBF-4DA6-B136-B57D30E81C77}.Ad-Hoc|iPhoneSimulator.ActiveCfg = Release|x64
		{510C2AC1-BDBF-4DA6-B136-B57D30E81C77}.Ad-Hoc|iPhoneSimulator.Build.0 = Release|x64
		{510C2AC1-BDBF-4DA6-B136-B57D30E81C77}.Ad-Hoc|iPhoneSimulator.Deploy.0 = Release|x64
		{510C2AC1-BDBF-4DA6-B136-B57D30E81C77}.Ad-Hoc|x64.ActiveCfg = Release|x64
		{510C2AC1-BDBF-4DA6-B136-B57D30E81C77}.Ad-Hoc|x64.Build.0 = Release|x64
		{510C2AC1-BDBF-4DA6-B136-B57D30E81C77}.Ad-Hoc|x64.Deploy.0 = Release|x64
		{510C2AC1-BDBF-4DA6-B136-B57D30E81C77}.Ad-Hoc|x86.ActiveCfg = Release|x86
		{510C2AC1-BDBF-4DA6-B136-B57D30E81C77}.Ad-Hoc|x86.Build.0 = Release|x86
		{510C2AC1-BDBF-4DA6-B136-B57D30E81C77}.Ad-Hoc|x86.Deploy.0 = Release|x86
		{510C2AC1-BDBF-4DA6-B136-B57D30E81C77}.AppStore|Any CPU.ActiveCfg = Release|x64
		{510C2AC1-BDBF-4DA6-B136-B57D30E81C77}.AppStore|Any CPU.Build.0 = Release|x64
		{510C2AC1-BDBF-4DA6-B136-B57D30E81C77}.AppStore|Any CPU.Deploy.0 = Release|x64
		{510C2AC1-BDBF-4DA6-B136-B57D30E81C77}.AppStore|ARM.ActiveCfg = Release|ARM
		{510C2AC1-BDBF-4DA6-B136-B57D30E81C77}.AppStore|ARM.Build.0 = Release|ARM
		{510C2AC1-BDBF-4DA6-B136-B57D30E81C77}.AppStore|ARM.Deploy.0 = Release|ARM
		{510C2AC1-BDBF-4DA6-B136-B57D30E81C77}.AppStore|ARM64.ActiveCfg = Release|ARM64
		{510C2AC1-BDBF-4DA6-B136-B57D30E81C77}.AppStore|ARM64.Build.0 = Release|ARM64
		{510C2AC1-BDBF-4DA6-B136-B57D30E81C77}.AppStore|ARM64.Deploy.0 = Release|ARM64
		{510C2AC1-BDBF-4DA6-B136-B57D30E81C77}.AppStore|iPhone.ActiveCfg = Release|x64
		{510C2AC1-BDBF-4DA6-B136-B57D30E81C77}.AppStore|iPhone.Build.0 = Release|x64
		{510C2AC1-BDBF-4DA6-B136-B57D30E81C77}.AppStore|iPhone.Deploy.0 = Release|x64
		{510C2AC1-BDBF-4DA6-B136-B57D30E81C77}.AppStore|iPhoneSimulator.ActiveCfg = Release|x64
		{510C2AC1-BDBF-4DA6-B136-B57D30E81C77}.AppStore|iPhoneSimulator.Build.0 = Release|x64
		{510C2AC1-BDBF-4DA6-B136-B57D30E81C77}.AppStore|iPhoneSimulator.Deploy.0 = Release|x64
		{510C2AC1-BDBF-4DA6-B136-B57D30E81C77}.AppStore|x64.ActiveCfg = Release|x64
		{510C2AC1-BDBF-4DA6-B136-B57D30E81C77}.AppStore|x64.Build.0 = Release|x64
		{510C2AC1-BDBF-4DA6-B136-B57D30E81C77}.AppStore|x64.Deploy.0 = Release|x64
		{510C2AC1-BDBF-4DA6-B136-B57D30E81C77}.AppStore|x86.ActiveCfg = Release|x86
		{510C2AC1-BDBF-4DA6-B136-B57D30E81C77}.AppStore|x86.Build.0 = Release|x86
		{510C2AC1-BDBF-4DA6-B136-B57D30E81C77}.AppStore|x86.Deploy.0 = Release|x86
		{510C2AC1-BDBF-4DA6-B136-B57D30E81C77}.Debug|Any CPU.ActiveCfg = Debug|x86
		{510C2AC1-BDBF-4DA6-B136-B57D30E81C77}.Debug|ARM.ActiveCfg = Debug|ARM
		{510C2AC1-BDBF-4DA6-B136-B57D30E81C77}.Debug|ARM.Build.0 = Debug|ARM
		{510C2AC1-BDBF-4DA6-B136-B57D30E81C77}.Debug|ARM.Deploy.0 = Debug|ARM
		{510C2AC1-BDBF-4DA6-B136-B57D30E81C77}.Debug|ARM64.ActiveCfg = Debug|ARM64
		{510C2AC1-BDBF-4DA6-B136-B57D30E81C77}.Debug|ARM64.Build.0 = Debug|ARM64
		{510C2AC1-BDBF-4DA6-B136-B57D30E81C77}.Debug|ARM64.Deploy.0 = Debug|ARM64
		{510C2AC1-BDBF-4DA6-B136-B57D30E81C77}.Debug|iPhone.ActiveCfg = Debug|x86
		{510C2AC1-BDBF-4DA6-B136-B57D30E81C77}.Debug|iPhoneSimulator.ActiveCfg = Debug|x86
		{510C2AC1-BDBF-4DA6-B136-B57D30E81C77}.Debug|x64.ActiveCfg = Debug|x64
		{510C2AC1-BDBF-4DA6-B136-B57D30E81C77}.Debug|x64.Build.0 = Debug|x64
		{510C2AC1-BDBF-4DA6-B136-B57D30E81C77}.Debug|x64.Deploy.0 = Debug|x64
		{510C2AC1-BDBF-4DA6-B136-B57D30E81C77}.Debug|x86.ActiveCfg = Debug|x86
		{510C2AC1-BDBF-4DA6-B136-B57D30E81C77}.Debug|x86.Build.0 = Debug|x86
		{510C2AC1-BDBF-4DA6-B136-B57D30E81C77}.Debug|x86.Deploy.0 = Debug|x86
		{510C2AC1-BDBF-4DA6-B136-B57D30E81C77}.Release|Any CPU.ActiveCfg = Release|x86
		{510C2AC1-BDBF-4DA6-B136-B57D30E81C77}.Release|ARM.ActiveCfg = Release|ARM
		{510C2AC1-BDBF-4DA6-B136-B57D30E81C77}.Release|ARM.Build.0 = Release|ARM
		{510C2AC1-BDBF-4DA6-B136-B57D30E81C77}.Release|ARM.Deploy.0 = Release|ARM
		{510C2AC1-BDBF-4DA6-B136-B57D30E81C77}.Release|ARM64.ActiveCfg = Release|ARM64
		{510C2AC1-BDBF-4DA6-B136-B57D30E81C77}.Release|ARM64.Build.0 = Release|ARM64
		{510C2AC1-BDBF-4DA6-B136-B57D30E81C77}.Release|ARM64.Deploy.0 = Release|ARM64
		{510C2AC1-BDBF-4DA6-B136-B57D30E81C77}.Release|iPhone.ActiveCfg = Release|x86
		{510C2AC1-BDBF-4DA6-B136-B57D30E81C77}.Release|iPhoneSimulator.ActiveCfg = Release|x86
		{510C2AC1-BDBF-4DA6-B136-B57D30E81C77}.Release|x64.ActiveCfg = Release|x64
		{510C2AC1-BDBF-4DA6-B136-B57D30E81C77}.Release|x64.Build.0 = Release|x64
		{510C2AC1-BDBF-4DA6-B136-B57D30E81C77}.Release|x64.Deploy.0 = Release|x64
		{510C2AC1-BDBF-4DA6-B136-B57D30E81C77}.Release|x86.ActiveCfg = Release|x86
		{510C2AC1-BDBF-4DA6-B136-B57D30E81C77}.Release|x86.Build.0 = Release|x86
		{510C2AC1-BDBF-4DA6-B136-B57D30E81C77}.Release|x86.Deploy.0 = Release|x86
	EndGlobalSection
	GlobalSection(SolutionProperties) = preSolution
		HideSolutionNode = FALSE
	EndGlobalSection
	GlobalSection(ExtensibilityGlobals) = postSolution
		SolutionGuid = {F6D05029-56B8-4E45-AF2D-0E76295DDBA2}
	EndGlobalSection
EndGlobal
